
Microsoft Visual Studio Solution File, Format Version 12.00
# Visual Studio 15
VisualStudioVersion = 15.0.28307.757
MinimumVisualStudioVersion = 10.0.40219.1
Project("{2150E333-8FDC-42A3-9474-1A3956D46DE8}") = "01-RabbitMq", "01-RabbitMq", "{26DA9203-B1CF-421F-B9D4-B5913F31B561}"
EndProject
Project("{2150E333-8FDC-42A3-9474-1A3956D46DE8}") = "02-EventBus", "02-EventBus", "{62F9B781-23F7-4E66-A3E1-120C064095BA}"
EndProject
Project("{9A19103F-16F7-4668-BE54-9A1E7A4F7556}") = "01-RabbitMq.Topology", "01-RabbitMq\01-RabbitMq.Topology\01-RabbitMq.Topology.csproj", "{2DD31B1A-B78A-45BF-8A96-C24173F04537}"
EndProject
Project("{9A19103F-16F7-4668-BE54-9A1E7A4F7556}") = "00-TopologyDefinition", "01-RabbitMq\00-TopologyDefinition\00-TopologyDefinition.csproj", "{8519AB44-34C5-4502-880D-3E359C6E1E9A}"
EndProject
Project("{9A19103F-16F7-4668-BE54-9A1E7A4F7556}") = "02-RabbitMq.Producer", "01-RabbitMq\02-RabbitMq.Producer\02-RabbitMq.Producer.csproj", "{3A4E4BDA-1C29-487C-B2A0-5F573ADBC020}"
EndProject
Project("{9A19103F-16F7-4668-BE54-9A1E7A4F7556}") = "03-RabbitMq.ConfirmsAwareProducer", "01-RabbitMq\03-RabbitMq.ConfirmsAwareProducer\03-RabbitMq.ConfirmsAwareProducer.csproj", "{90485562-4AE1-4533-8943-42FA7A41BF81}"
EndProject
Project("{9A19103F-16F7-4668-BE54-9A1E7A4F7556}") = "04-RabbitMq.Consumer", "01-RabbitMq\04-RabbitMq.Consumer\04-RabbitMq.Consumer.csproj", "{8877A918-A981-4707-A7A1-6D1DE94F92DD}"
EndProject
Project("{9A19103F-16F7-4668-BE54-9A1E7A4F7556}") = "05-RabbitMq.ManualAckConsumer", "01-RabbitMq\05-RabbitMq.ManualAckConsumer\05-RabbitMq.ManualAckConsumer.csproj", "{5B883AFE-5A6D-4014-B866-5FF479802727}"
EndProject
Project("{9A19103F-16F7-4668-BE54-9A1E7A4F7556}") = "00-Contract", "02-EventBus\00-Contract\00-Contract.csproj", "{09FE13A6-449D-48FF-9BEC-0C79BD23A7BC}"
EndProject
Project("{9A19103F-16F7-4668-BE54-9A1E7A4F7556}") = "01-EventBus.ErrorSubscriber", "02-EventBus\01-EventBus.ErrorSubscriber\01-EventBus.ErrorSubscriber.csproj", "{FA810A1E-E219-4A4D-8ED5-D0F9150BA334}"
EndProject
Project("{9A19103F-16F7-4668-BE54-9A1E7A4F7556}") = "02-EventBus.Publisher", "02-EventBus\02-EventBus.Publisher\02-EventBus.Publisher.csproj", "{27E6D55B-DC13-47CE-88E2-33C715A8F7D8}"
EndProject
Project("{9A19103F-16F7-4668-BE54-9A1E7A4F7556}") = "03-EventBus.RetryPublisher", "02-EventBus\03-EventBus.RetryPublisher\03-EventBus.RetryPublisher.csproj", "{029F1FE0-796E-4545-9944-9B078ECB464D}"
EndProject
Project("{9A19103F-16F7-4668-BE54-9A1E7A4F7556}") = "04-EventBus.ResilientSubscriber", "02-EventBus\04-EventBus.ResilientSubscriber\04-EventBus.ResilientSubscriber.csproj", "{18B458B8-E4D5-4556-89A3-DA3C78FABC3E}"
EndProject
Project("{9A19103F-16F7-4668-BE54-9A1E7A4F7556}") = "05-EventBus.SerialSubscriber", "02-EventBus\05-EventBus.SerialSubscriber\05-EventBus.SerialSubscriber.csproj", "{79F6DB42-FA13-4B59-BA6F-83507CF755E2}"
EndProject
Project("{9A19103F-16F7-4668-BE54-9A1E7A4F7556}") = "06-EventBus.ParallelSubscriber", "02-EventBus\06-EventBus.ParallelSubscriber\06-EventBus.ParallelSubscriber.csproj", "{9386E187-A4E4-4A9E-83D2-D387D58C26CC}"
EndProject
Global
	GlobalSection(SolutionConfigurationPlatforms) = preSolution
		Debug|Any CPU = Debug|Any CPU
		Release|Any CPU = Release|Any CPU
	EndGlobalSection
	GlobalSection(ProjectConfigurationPlatforms) = postSolution
		{2DD31B1A-B78A-45BF-8A96-C24173F04537}.Debug|Any CPU.ActiveCfg = Debug|Any CPU
		{2DD31B1A-B78A-45BF-8A96-C24173F04537}.Debug|Any CPU.Build.0 = Debug|Any CPU
		{2DD31B1A-B78A-45BF-8A96-C24173F04537}.Release|Any CPU.ActiveCfg = Release|Any CPU
		{2DD31B1A-B78A-45BF-8A96-C24173F04537}.Release|Any CPU.Build.0 = Release|Any CPU
		{8519AB44-34C5-4502-880D-3E359C6E1E9A}.Debug|Any CPU.ActiveCfg = Debug|Any CPU
		{8519AB44-34C5-4502-880D-3E359C6E1E9A}.Debug|Any CPU.Build.0 = Debug|Any CPU
		{8519AB44-34C5-4502-880D-3E359C6E1E9A}.Release|Any CPU.ActiveCfg = Release|Any CPU
		{8519AB44-34C5-4502-880D-3E359C6E1E9A}.Release|Any CPU.Build.0 = Release|Any CPU
		{3A4E4BDA-1C29-487C-B2A0-5F573ADBC020}.Debug|Any CPU.ActiveCfg = Debug|Any CPU
		{3A4E4BDA-1C29-487C-B2A0-5F573ADBC020}.Debug|Any CPU.Build.0 = Debug|Any CPU
		{3A4E4BDA-1C29-487C-B2A0-5F573ADBC020}.Release|Any CPU.ActiveCfg = Release|Any CPU
		{3A4E4BDA-1C29-487C-B2A0-5F573ADBC020}.Release|Any CPU.Build.0 = Release|Any CPU
		{90485562-4AE1-4533-8943-42FA7A41BF81}.Debug|Any CPU.ActiveCfg = Debug|Any CPU
		{90485562-4AE1-4533-8943-42FA7A41BF81}.Debug|Any CPU.Build.0 = Debug|Any CPU
		{90485562-4AE1-4533-8943-42FA7A41BF81}.Release|Any CPU.ActiveCfg = Release|Any CPU
		{90485562-4AE1-4533-8943-42FA7A41BF81}.Release|Any CPU.Build.0 = Release|Any CPU
		{8877A918-A981-4707-A7A1-6D1DE94F92DD}.Debug|Any CPU.ActiveCfg = Debug|Any CPU
		{8877A918-A981-4707-A7A1-6D1DE94F92DD}.Debug|Any CPU.Build.0 = Debug|Any CPU
		{8877A918-A981-4707-A7A1-6D1DE94F92DD}.Release|Any CPU.ActiveCfg = Release|Any CPU
		{8877A918-A981-4707-A7A1-6D1DE94F92DD}.Release|Any CPU.Build.0 = Release|Any CPU
		{5B883AFE-5A6D-4014-B866-5FF479802727}.Debug|Any CPU.ActiveCfg = Debug|Any CPU
		{5B883AFE-5A6D-4014-B866-5FF479802727}.Debug|Any CPU.Build.0 = Debug|Any CPU
		{5B883AFE-5A6D-4014-B866-5FF479802727}.Release|Any CPU.ActiveCfg = Release|Any CPU
		{5B883AFE-5A6D-4014-B866-5FF479802727}.Release|Any CPU.Build.0 = Release|Any CPU
		{09FE13A6-449D-48FF-9BEC-0C79BD23A7BC}.Debug|Any CPU.ActiveCfg = Debug|Any CPU
		{09FE13A6-449D-48FF-9BEC-0C79BD23A7BC}.Debug|Any CPU.Build.0 = Debug|Any CPU
		{09FE13A6-449D-48FF-9BEC-0C79BD23A7BC}.Release|Any CPU.ActiveCfg = Release|Any CPU
		{09FE13A6-449D-48FF-9BEC-0C79BD23A7BC}.Release|Any CPU.Build.0 = Release|Any CPU
		{FA810A1E-E219-4A4D-8ED5-D0F9150BA334}.Debug|Any CPU.ActiveCfg = Debug|Any CPU
		{FA810A1E-E219-4A4D-8ED5-D0F9150BA334}.Debug|Any CPU.Build.0 = Debug|Any CPU
		{FA810A1E-E219-4A4D-8ED5-D0F9150BA334}.Release|Any CPU.ActiveCfg = Release|Any CPU
		{FA810A1E-E219-4A4D-8ED5-D0F9150BA334}.Release|Any CPU.Build.0 = Release|Any CPU
		{27E6D55B-DC13-47CE-88E2-33C715A8F7D8}.Debug|Any CPU.ActiveCfg = Debug|Any CPU
		{27E6D55B-DC13-47CE-88E2-33C715A8F7D8}.Debug|Any CPU.Build.0 = Debug|Any CPU
		{27E6D55B-DC13-47CE-88E2-33C715A8F7D8}.Release|Any CPU.ActiveCfg = Release|Any CPU
		{27E6D55B-DC13-47CE-88E2-33C715A8F7D8}.Release|Any CPU.Build.0 = Release|Any CPU
		{029F1FE0-796E-4545-9944-9B078ECB464D}.Debug|Any CPU.ActiveCfg = Debug|Any CPU
		{029F1FE0-796E-4545-9944-9B078ECB464D}.Debug|Any CPU.Build.0 = Debug|Any CPU
		{029F1FE0-796E-4545-9944-9B078ECB464D}.Release|Any CPU.ActiveCfg = Release|Any CPU
		{029F1FE0-796E-4545-9944-9B078ECB464D}.Release|Any CPU.Build.0 = Release|Any CPU
		{18B458B8-E4D5-4556-89A3-DA3C78FABC3E}.Debug|Any CPU.ActiveCfg = Debug|Any CPU
		{18B458B8-E4D5-4556-89A3-DA3C78FABC3E}.Debug|Any CPU.Build.0 = Debug|Any CPU
		{18B458B8-E4D5-4556-89A3-DA3C78FABC3E}.Release|Any CPU.ActiveCfg = Release|Any CPU
		{18B458B8-E4D5-4556-89A3-DA3C78FABC3E}.Release|Any CPU.Build.0 = Release|Any CPU
		{79F6DB42-FA13-4B59-BA6F-83507CF755E2}.Debug|Any CPU.ActiveCfg = Debug|Any CPU
		{79F6DB42-FA13-4B59-BA6F-83507CF755E2}.Debug|Any CPU.Build.0 = Debug|Any CPU
		{79F6DB42-FA13-4B59-BA6F-83507CF755E2}.Release|Any CPU.ActiveCfg = Release|Any CPU
		{79F6DB42-FA13-4B59-BA6F-83507CF755E2}.Release|Any CPU.Build.0 = Release|Any CPU
		{9386E187-A4E4-4A9E-83D2-D387D58C26CC}.Debug|Any CPU.ActiveCfg = Debug|Any CPU
		{9386E187-A4E4-4A9E-83D2-D387D58C26CC}.Debug|Any CPU.Build.0 = Debug|Any CPU
		{9386E187-A4E4-4A9E-83D2-D387D58C26CC}.Release|Any CPU.ActiveCfg = Release|Any CPU
		{9386E187-A4E4-4A9E-83D2-D387D58C26CC}.Release|Any CPU.Build.0 = Release|Any CPU
	EndGlobalSection
	GlobalSection(SolutionProperties) = preSolution
		HideSolutionNode = FALSE
	EndGlobalSection
	GlobalSection(NestedProjects) = preSolution
		{2DD31B1A-B78A-45BF-8A96-C24173F04537} = {26DA9203-B1CF-421F-B9D4-B5913F31B561}
		{8519AB44-34C5-4502-880D-3E359C6E1E9A} = {26DA9203-B1CF-421F-B9D4-B5913F31B561}
		{3A4E4BDA-1C29-487C-B2A0-5F573ADBC020} = {26DA9203-B1CF-421F-B9D4-B5913F31B561}
		{90485562-4AE1-4533-8943-42FA7A41BF81} = {26DA9203-B1CF-421F-B9D4-B5913F31B561}
		{8877A918-A981-4707-A7A1-6D1DE94F92DD} = {26DA9203-B1CF-421F-B9D4-B5913F31B561}
		{5B883AFE-5A6D-4014-B866-5FF479802727} = {26DA9203-B1CF-421F-B9D4-B5913F31B561}
		{09FE13A6-449D-48FF-9BEC-0C79BD23A7BC} = {62F9B781-23F7-4E66-A3E1-120C064095BA}
		{FA810A1E-E219-4A4D-8ED5-D0F9150BA334} = {62F9B781-23F7-4E66-A3E1-120C064095BA}
		{27E6D55B-DC13-47CE-88E2-33C715A8F7D8} = {62F9B781-23F7-4E66-A3E1-120C064095BA}
		{029F1FE0-796E-4545-9944-9B078ECB464D} = {62F9B781-23F7-4E66-A3E1-120C064095BA}
		{18B458B8-E4D5-4556-89A3-DA3C78FABC3E} = {62F9B781-23F7-4E66-A3E1-120C064095BA}
		{79F6DB42-FA13-4B59-BA6F-83507CF755E2} = {62F9B781-23F7-4E66-A3E1-120C064095BA}
		{9386E187-A4E4-4A9E-83D2-D387D58C26CC} = {62F9B781-23F7-4E66-A3E1-120C064095BA}
	EndGlobalSection
	GlobalSection(ExtensibilityGlobals) = postSolution
		SolutionGuid = {E6E25C03-F8B5-4459-86AD-B2115F125679}
	EndGlobalSection
EndGlobal
